
Microsoft Visual Studio Solution File, Format Version 12.00
# Visual Studio Version 16
VisualStudioVersion = 16.0.31515.178
MinimumVisualStudioVersion = 10.0.40219.1
Project("{FAE04EC0-301F-11D3-BF4B-00C04F79EFBC}") = "TinhTienNhaKhoa", "TinhTienNhaKhoa\TinhTienNhaKhoa.csproj", "{6356CF3E-E1CD-4710-97F7-7C6E0250174E}"
EndProject
Global
	GlobalSection(SolutionConfigurationPlatforms) = preSolution
		Debug|Any CPU = Debug|Any CPU
		Release|Any CPU = Release|Any CPU
	EndGlobalSection
	GlobalSection(ProjectConfigurationPlatforms) = postSolution
		{6356CF3E-E1CD-4710-97F7-7C6E0250174E}.Debug|Any CPU.ActiveCfg = Debug|Any CPU
		{6356CF3E-E1CD-4710-97F7-7C6E0250174E}.Debug|Any CPU.Build.0 = Debug|Any CPU
		{6356CF3E-E1CD-4710-97F7-7C6E0250174E}.Release|Any CPU.ActiveCfg = Release|Any CPU
		{6356CF3E-E1CD-4710-97F7-7C6E0250174E}.Release|Any CPU.Build.0 = Release|Any CPU
	EndGlobalSection
	GlobalSection(SolutionProperties) = preSolution
		HideSolutionNode = FALSE
	EndGlobalSection
	GlobalSection(ExtensibilityGlobals) = postSolution
		SolutionGuid = {75A48256-6E1D-440B-98DA-AE48E6240C5E}
	EndGlobalSection
EndGlobal
